
Microsoft Visual Studio Solution File, Format Version 12.00
# Visual Studio 15
VisualStudioVersion = 15.0.28307.438
MinimumVisualStudioVersion = 10.0.40219.1
Project("{8BC9CEB8-8B4A-11D0-8D11-00A0C91BC942}") = "Forward_test_case", "Forward_test_case\Forward_test_case.vcxproj", "{588A8524-BD69-431C-AA57-8F412A7FE657}"
EndProject
Global
	GlobalSection(SolutionConfigurationPlatforms) = preSolution
		Debug|x64 = Debug|x64
		Debug|x86 = Debug|x86
		Release|x64 = Release|x64
		Release|x86 = Release|x86
	EndGlobalSection
	GlobalSection(ProjectConfigurationPlatforms) = postSolution
		{588A8524-BD69-431C-AA57-8F412A7FE657}.Debug|x64.ActiveCfg = Debug|x64
		{588A8524-BD69-431C-AA57-8F412A7FE657}.Debug|x64.Build.0 = Debug|x64
		{588A8524-BD69-431C-AA57-8F412A7FE657}.Debug|x86.ActiveCfg = Debug|Win32
		{588A8524-BD69-431C-AA57-8F412A7FE657}.Debug|x86.Build.0 = Debug|Win32
		{588A8524-BD69-431C-AA57-8F412A7FE657}.Release|x64.ActiveCfg = Release|x64
		{588A8524-BD69-431C-AA57-8F412A7FE657}.Release|x64.Build.0 = Release|x64
		{588A8524-BD69-431C-AA57-8F412A7FE657}.Release|x86.ActiveCfg = Release|Win32
		{588A8524-BD69-431C-AA57-8F412A7FE657}.Release|x86.Build.0 = Release|Win32
	EndGlobalSection
	GlobalSection(SolutionProperties) = preSolution
		HideSolutionNode = FALSE
	EndGlobalSection
	GlobalSection(ExtensibilityGlobals) = postSolution
		SolutionGuid = {7A3B5390-26EF-4DAE-A90C-9B47F64B84D7}
	EndGlobalSection
EndGlobal
